
Microsoft Visual Studio Solution File, Format Version 12.00
# Visual Studio Version 16
VisualStudioVersion = 16.0.32602.291
MinimumVisualStudioVersion = 10.0.40219.1
Project("{FAE04EC0-301F-11D3-BF4B-00C04F79EFBC}") = "MDCStorageImageExe", "MDCStorageImageExe\MDCStorageImageExe.csproj", "{30ECA5C6-6339-41F2-9E71-FBD713FC68F2}"
EndProject
Global
	GlobalSection(SolutionConfigurationPlatforms) = preSolution
		Debug|Any CPU = Debug|Any CPU
		Debug|x64 = Debug|x64
		Debug|x86 = Debug|x86
		Release|Any CPU = Release|Any CPU
		Release|x64 = Release|x64
		Release|x86 = Release|x86
	EndGlobalSection
	GlobalSection(ProjectConfigurationPlatforms) = postSolution
		{30ECA5C6-6339-41F2-9E71-FBD713FC68F2}.Debug|Any CPU.ActiveCfg = Debug|Any CPU
		{30ECA5C6-6339-41F2-9E71-FBD713FC68F2}.Debug|Any CPU.Build.0 = Debug|Any CPU
		{30ECA5C6-6339-41F2-9E71-FBD713FC68F2}.Debug|x64.ActiveCfg = Debug|Any CPU
		{30ECA5C6-6339-41F2-9E71-FBD713FC68F2}.Debug|x64.Build.0 = Debug|Any CPU
		{30ECA5C6-6339-41F2-9E71-FBD713FC68F2}.Debug|x86.ActiveCfg = Debug|Any CPU
		{30ECA5C6-6339-41F2-9E71-FBD713FC68F2}.Debug|x86.Build.0 = Debug|Any CPU
		{30ECA5C6-6339-41F2-9E71-FBD713FC68F2}.Release|Any CPU.ActiveCfg = Release|Any CPU
		{30ECA5C6-6339-41F2-9E71-FBD713FC68F2}.Release|Any CPU.Build.0 = Release|Any CPU
		{30ECA5C6-6339-41F2-9E71-FBD713FC68F2}.Release|x64.ActiveCfg = Release|Any CPU
		{30ECA5C6-6339-41F2-9E71-FBD713FC68F2}.Release|x64.Build.0 = Release|Any CPU
		{30ECA5C6-6339-41F2-9E71-FBD713FC68F2}.Release|x86.ActiveCfg = Release|Any CPU
		{30ECA5C6-6339-41F2-9E71-FBD713FC68F2}.Release|x86.Build.0 = Release|Any CPU
	EndGlobalSection
	GlobalSection(SolutionProperties) = preSolution
		HideSolutionNode = FALSE
	EndGlobalSection
	GlobalSection(ExtensibilityGlobals) = postSolution
		SolutionGuid = {BD5FF61A-C71D-4A88-A72B-8AAC15F88DFB}
	EndGlobalSection
EndGlobal
